Microsoft Visual Studio Solution File, Format Version 12.00
# Visual Studio Version 17
VisualStudioVersion = 17.5.2.0
MinimumVisualStudioVersion = 10.0.40219.1
Project("{FAE04EC0-301F-11D3-BF4B-00C04F79EFBC}") = "KurbanBarista", "KurbanBarista.csproj", "{03F04AAE-9E0E-90D8-D469-2105BB5ABA4C}"
EndProject
Global
	GlobalSection(SolutionConfigurationPlatforms) = preSolution
		Debug|Any CPU = Debug|Any CPU
		Release|Any CPU = Release|Any CPU
	EndGlobalSection
	GlobalSection(ProjectConfigurationPlatforms) = postSolution
		{03F04AAE-9E0E-90D8-D469-2105BB5ABA4C}.Debug|Any CPU.ActiveCfg = Debug|Any CPU
		{03F04AAE-9E0E-90D8-D469-2105BB5ABA4C}.Debug|Any CPU.Build.0 = Debug|Any CPU
		{03F04AAE-9E0E-90D8-D469-2105BB5ABA4C}.Release|Any CPU.ActiveCfg = Release|Any CPU
		{03F04AAE-9E0E-90D8-D469-2105BB5ABA4C}.Release|Any CPU.Build.0 = Release|Any CPU
	EndGlobalSection
	GlobalSection(SolutionProperties) = preSolution
		HideSolutionNode = FALSE
	EndGlobalSection
	GlobalSection(ExtensibilityGlobals) = postSolution
		SolutionGuid = {9EC69624-1251-499D-BD5D-CC476FBBC8C5}
	EndGlobalSection
EndGlobal
